// !$*UTF8*$!
{
	archiveVersion = 1;
	classes = {
	};
	objectVersion = 50;
	objects = {

/* Begin PBXBuildFile section */
		F3D8B04F264EB24400740D42 /* AppDelegate.swift in Sources */ = {isa = PBXBuildFile; fileRef = F3D8B04E264EB24400740D42 /* AppDelegate.swift */; };
		F3D8B051264EB24400740D42 /* SceneDelegate.swift in Sources */ = {isa = PBXBuildFile; fileRef = F3D8B050264EB24400740D42 /* SceneDelegate.swift */; };
		F3D8B053264EB24400740D42 /* ViewController.swift in Sources */ = {isa = PBXBuildFile; fileRef = F3D8B052264EB24400740D42 /* ViewController.swift */; };
		F3D8B056264EB24400740D42 /* Main.storyboard in Resources */ = {isa = PBXBuildFile; fileRef = F3D8B054264EB24400740D42 /* Main.storyboard */; };
		F3D8B058264EB24500740D42 /* Assets.xcassets in Resources */ = {isa = PBXBuildFile; fileRef = F3D8B057264EB24500740D42 /* Assets.xcassets */; };
		F3D8B05B264EB24500740D42 /* LaunchScreen.storyboard in Resources */ = {isa = PBXBuildFile; fileRef = F3D8B059264EB24500740D42 /* LaunchScreen.storyboard */; };
		F3D8B06A264EB30000740D42 /* TabBarController.swift in Sources */ = {isa = PBXBuildFile; fileRef = F3D8B069264EB30000740D42 /* TabBarController.swift */; };
		F3D8B070264EB52F00740D42 /* MapViewController.swift in Sources */ = {isa = PBXBuildFile; fileRef = F3D8B06F264EB52F00740D42 /* MapViewController.swift */; };
		F3D8B073264EB55600740D42 /* SearchViewController.swift in Sources */ = {isa = PBXBuildFile; fileRef = F3D8B072264EB55600740D42 /* SearchViewController.swift */; };
		F3D8B076264EB57A00740D42 /* FavoritesViewController.swift in Sources */ = {isa = PBXBuildFile; fileRef = F3D8B075264EB57A00740D42 /* FavoritesViewController.swift */; };
		F3D8B07A264EB60600740D42 /* UIExtension.swift in Sources */ = {isa = PBXBuildFile; fileRef = F3D8B079264EB60600740D42 /* UIExtension.swift */; };
		F3D8B081264EB91600740D42 /* Localizable.strings in Resources */ = {isa = PBXBuildFile; fileRef = F3D8B083264EB91600740D42 /* Localizable.strings */; };
		F3D8B088264EB96B00740D42 /* LocalizableConstants.swift in Sources */ = {isa = PBXBuildFile; fileRef = F3D8B087264EB96B00740D42 /* LocalizableConstants.swift */; };
		F3D8B08B264EB99800740D42 /* LocalizationExtension.swift in Sources */ = {isa = PBXBuildFile; fileRef = F3D8B08A264EB99800740D42 /* LocalizationExtension.swift */; };
/* End PBXBuildFile section */

/* Begin PBXFileReference section */
		F3D8B04B264EB24400740D42 /* WeatherAndMapApp.app */ = {isa = PBXFileReference; explicitFileType = wrapper.application; includeInIndex = 0; path = WeatherAndMapApp.app; sourceTree = BUILT_PRODUCTS_DIR; };
		F3D8B04E264EB24400740D42 /* AppDelegate.swift */ = {isa = PBXFileReference; lastKnownFileType = sourcecode.swift; path = AppDelegate.swift; sourceTree = "<group>"; };
		F3D8B050264EB24400740D42 /* SceneDelegate.swift */ = {isa = PBXFileReference; lastKnownFileType = sourcecode.swift; path = SceneDelegate.swift; sourceTree = "<group>"; };
		F3D8B052264EB24400740D42 /* ViewController.swift */ = {isa = PBXFileReference; lastKnownFileType = sourcecode.swift; path = ViewController.swift; sourceTree = "<group>"; };
		F3D8B055264EB24400740D42 /* Base */ = {isa = PBXFileReference; lastKnownFileType = file.storyboard; name = Base; path = Base.lproj/Main.storyboard; sourceTree = "<group>"; };
		F3D8B057264EB24500740D42 /* Assets.xcassets */ = {isa = PBXFileReference; lastKnownFileType = folder.assetcatalog; path = Assets.xcassets; sourceTree = "<group>"; };
		F3D8B05A264EB24500740D42 /* Base */ = {isa = PBXFileReference; lastKnownFileType = file.storyboard; name = Base; path = Base.lproj/LaunchScreen.storyboard; sourceTree = "<group>"; };
		F3D8B05C264EB24500740D42 /* Info.plist */ = {isa = PBXFileReference; lastKnownFileType = text.plist.xml; path = Info.plist; sourceTree = "<group>"; };
		F3D8B069264EB30000740D42 /* TabBarController.swift */ = {isa = PBXFileReference; lastKnownFileType = sourcecode.swift; path = TabBarController.swift; sourceTree = "<group>"; };
		F3D8B06F264EB52F00740D42 /* MapViewController.swift */ = {isa = PBXFileReference; lastKnownFileType = sourcecode.swift; path = MapViewController.swift; sourceTree = "<group>"; };
		F3D8B072264EB55600740D42 /* SearchViewController.swift */ = {isa = PBXFileReference; lastKnownFileType = sourcecode.swift; path = SearchViewController.swift; sourceTree = "<group>"; };
		F3D8B075264EB57A00740D42 /* FavoritesViewController.swift */ = {isa = PBXFileReference; lastKnownFileType = sourcecode.swift; path = FavoritesViewController.swift; sourceTree = "<group>"; };
		F3D8B079264EB60600740D42 /* UIExtension.swift */ = {isa = PBXFileReference; lastKnownFileType = sourcecode.swift; path = UIExtension.swift; sourceTree = "<group>"; };
		F3D8B082264EB91600740D42 /* en */ = {isa = PBXFileReference; lastKnownFileType = text.plist.strings; name = en; path = en.lproj/Localizable.strings; sourceTree = "<group>"; };
		F3D8B085264EB92C00740D42 /* sk */ = {isa = PBXFileReference; lastKnownFileType = text.plist.strings; name = sk; path = sk.lproj/Localizable.strings; sourceTree = "<group>"; };
		F3D8B087264EB96B00740D42 /* LocalizableConstants.swift */ = {isa = PBXFileReference; lastKnownFileType = sourcecode.swift; path = LocalizableConstants.swift; sourceTree = "<group>"; };
		F3D8B08A264EB99800740D42 /* LocalizationExtension.swift */ = {isa = PBXFileReference; lastKnownFileType = sourcecode.swift; path = LocalizationExtension.swift; sourceTree = "<group>"; };
/* End PBXFileReference section */

/* Begin PBXFrameworksBuildPhase section */
		F3D8B048264EB24400740D42 /* Frameworks */ = {
			isa = PBXFrameworksBuildPhase;
			buildActionMask = 2147483647;
			files = (
			);
			runOnlyForDeploymentPostprocessing = 0;
		};
/* End PBXFrameworksBuildPhase section */

/* Begin PBXGroup section */
		F3D8B042264EB24400740D42 = {
			isa = PBXGroup;
			children = (
				F3D8B04D264EB24400740D42 /* WeatherAndMapApp */,
				F3D8B04C264EB24400740D42 /* Products */,
			);
			sourceTree = "<group>";
		};
		F3D8B04C264EB24400740D42 /* Products */ = {
			isa = PBXGroup;
			children = (
				F3D8B04B264EB24400740D42 /* WeatherAndMapApp.app */,
			);
			name = Products;
			sourceTree = "<group>";
		};
		F3D8B04D264EB24400740D42 /* WeatherAndMapApp */ = {
			isa = PBXGroup;
			children = (
				F3D8B07F264EB8F500740D42 /* Localization */,
				F3D8B078264EB5EB00740D42 /* Extension */,
				F3D8B068264EB2A200740D42 /* Service */,
				F3D8B067264EB29400740D42 /* Controller */,
				F3D8B066264EB28F00740D42 /* View */,
				F3D8B065264EB28900740D42 /* Model */,
				F3D8B04E264EB24400740D42 /* AppDelegate.swift */,
				F3D8B050264EB24400740D42 /* SceneDelegate.swift */,
				F3D8B052264EB24400740D42 /* ViewController.swift */,
				F3D8B054264EB24400740D42 /* Main.storyboard */,
				F3D8B057264EB24500740D42 /* Assets.xcassets */,
				F3D8B059264EB24500740D42 /* LaunchScreen.storyboard */,
				F3D8B05C264EB24500740D42 /* Info.plist */,
			);
			path = WeatherAndMapApp;
			sourceTree = "<group>";
		};
		F3D8B065264EB28900740D42 /* Model */ = {
			isa = PBXGroup;
			children = (
			);
			path = Model;
			sourceTree = "<group>";
		};
		F3D8B066264EB28F00740D42 /* View */ = {
			isa = PBXGroup;
			children = (
			);
			path = View;
			sourceTree = "<group>";
		};
		F3D8B067264EB29400740D42 /* Controller */ = {
			isa = PBXGroup;
			children = (
				F3D8B069264EB30000740D42 /* TabBarController.swift */,
				F3D8B06F264EB52F00740D42 /* MapViewController.swift */,
				F3D8B072264EB55600740D42 /* SearchViewController.swift */,
				F3D8B075264EB57A00740D42 /* FavoritesViewController.swift */,
			);
			path = Controller;
			sourceTree = "<group>";
		};
		F3D8B068264EB2A200740D42 /* Service */ = {
			isa = PBXGroup;
			children = (
			);
			path = Service;
			sourceTree = "<group>";
		};
		F3D8B078264EB5EB00740D42 /* Extension */ = {
			isa = PBXGroup;
			children = (
				F3D8B079264EB60600740D42 /* UIExtension.swift */,
				F3D8B08A264EB99800740D42 /* LocalizationExtension.swift */,
			);
			path = Extension;
			sourceTree = "<group>";
		};
		F3D8B07F264EB8F500740D42 /* Localization */ = {
			isa = PBXGroup;
			children = (
				F3D8B083264EB91600740D42 /* Localizable.strings */,
				F3D8B087264EB96B00740D42 /* LocalizableConstants.swift */,
			);
			path = Localization;
			sourceTree = "<group>";
		};
/* End PBXGroup section */

/* Begin PBXNativeTarget section */
		F3D8B04A264EB24400740D42 /* WeatherAndMapApp */ = {
			isa = PBXNativeTarget;
			buildConfigurationList = F3D8B05F264EB24500740D42 /* Build configuration list for PBXNativeTarget "WeatherAndMapApp" */;
			buildPhases = (
				F3D8B047264EB24400740D42 /* Sources */,
				F3D8B048264EB24400740D42 /* Frameworks */,
				F3D8B049264EB24400740D42 /* Resources */,
			);
			buildRules = (
			);
			dependencies = (
			);
			name = WeatherAndMapApp;
			productName = WeatherAndMapApp;
			productReference = F3D8B04B264EB24400740D42 /* WeatherAndMapApp.app */;
			productType = "com.apple.product-type.application";
		};
/* End PBXNativeTarget section */

/* Begin PBXProject section */
		F3D8B043264EB24400740D42 /* Project object */ = {
			isa = PBXProject;
			attributes = {
				LastSwiftUpdateCheck = 1220;
				LastUpgradeCheck = 1220;
				TargetAttributes = {
					F3D8B04A264EB24400740D42 = {
						CreatedOnToolsVersion = 12.2;
					};
				};
			};
			buildConfigurationList = F3D8B046264EB24400740D42 /* Build configuration list for PBXProject "WeatherAndMapApp" */;
			compatibilityVersion = "Xcode 9.3";
			developmentRegion = en;
			hasScannedForEncodings = 0;
			knownRegions = (
				en,
				Base,
				sk,
			);
			mainGroup = F3D8B042264EB24400740D42;
			productRefGroup = F3D8B04C264EB24400740D42 /* Products */;
			projectDirPath = "";
			projectRoot = "";
			targets = (
				F3D8B04A264EB24400740D42 /* WeatherAndMapApp */,
			);
		};
/* End PBXProject section */

/* Begin PBXResourcesBuildPhase section */
		F3D8B049264EB24400740D42 /* Resources */ = {
			isa = PBXResourcesBuildPhase;
			buildActionMask = 2147483647;
			files = (
				F3D8B05B264EB24500740D42 /* LaunchScreen.storyboard in Resources */,
				F3D8B081264EB91600740D42 /* Localizable.strings in Resources */,
				F3D8B058264EB24500740D42 /* Assets.xcassets in Resources */,
				F3D8B056264EB24400740D42 /* Main.storyboard in Resources */,
			);
			runOnlyForDeploymentPostprocessing = 0;
		};
/* End PBXResourcesBuildPhase section */

/* Begin PBXSourcesBuildPhase section */
		F3D8B047264EB24400740D42 /* Sources */ = {
			isa = PBXSourcesBuildPhase;
			buildActionMask = 2147483647;
			files = (
				F3D8B073264EB55600740D42 /* SearchViewController.swift in Sources */,
				F3D8B053264EB24400740D42 /* ViewController.swift in Sources */,
				F3D8B076264EB57A00740D42 /* FavoritesViewController.swift in Sources */,
				F3D8B06A264EB30000740D42 /* TabBarController.swift in Sources */,
				F3D8B08B264EB99800740D42 /* LocalizationExtension.swift in Sources */,
				F3D8B04F264EB24400740D42 /* AppDelegate.swift in Sources */,
				F3D8B088264EB96B00740D42 /* LocalizableConstants.swift in Sources */,
				F3D8B070264EB52F00740D42 /* MapViewController.swift in Sources */,
				F3D8B051264EB24400740D42 /* SceneDelegate.swift in Sources */,
				F3D8B07A264EB60600740D42 /* UIExtension.swift in Sources */,
			);
			runOnlyForDeploymentPostprocessing = 0;
		};
/* End PBXSourcesBuildPhase section */

/* Begin PBXVariantGroup section */
		F3D8B054264EB24400740D42 /* Main.storyboard */ = {
			isa = PBXVariantGroup;
			children = (
				F3D8B055264EB24400740D42 /* Base */,
			);
			name = Main.storyboard;
			sourceTree = "<group>";
		};
		F3D8B059264EB24500740D42 /* LaunchScreen.storyboard */ = {
			isa = PBXVariantGroup;
			children = (
				F3D8B05A264EB24500740D42 /* Base */,
			);
			name = LaunchScreen.storyboard;
			sourceTree = "<group>";
		};
		F3D8B083264EB91600740D42 /* Localizable.strings */ = {
			isa = PBXVariantGroup;
			children = (
				F3D8B082264EB91600740D42 /* en */,
				F3D8B085264EB92C00740D42 /* sk */,
			);
			name = Localizable.strings;
			sourceTree = "<group>";
		};
/* End PBXVariantGroup section */

/* Begin XCBuildConfiguration section */
		F3D8B05D264EB24500740D42 /* Debug */ = {
			isa = XCBuildConfiguration;
			buildSettings = {
				ALWAYS_SEARCH_USER_PATHS = NO;
				CLANG_ANALYZER_LOCALIZABILITY_NONLOCALIZED = YES;
				CLANG_ANALYZER_NONNULL = YES;
				CLANG_ANALYZER_NUMBER_OBJECT_CONVERSION = YES_AGGRESSIVE;
				CLANG_CXX_LANGUAGE_STANDARD = "gnu++14";
				CLANG_CXX_LIBRARY = "libc++";
				CLANG_ENABLE_MODULES = YES;
				CLANG_ENABLE_OBJC_ARC = YES;
				CLANG_ENABLE_OBJC_WEAK = YES;
				CLANG_WARN_BLOCK_CAPTURE_AUTORELEASING = YES;
				CLANG_WARN_BOOL_CONVERSION = YES;
				CLANG_WARN_COMMA = YES;
				CLANG_WARN_CONSTANT_CONVERSION = YES;
				CLANG_WARN_DEPRECATED_OBJC_IMPLEMENTATIONS = YES;
				CLANG_WARN_DIRECT_OBJC_ISA_USAGE = YES_ERROR;
				CLANG_WARN_DOCUMENTATION_COMMENTS = YES;
				CLANG_WARN_EMPTY_BODY = YES;
				CLANG_WARN_ENUM_CONVERSION = YES;
				CLANG_WARN_INFINITE_RECURSION = YES;
				CLANG_WARN_INT_CONVERSION = YES;
				CLANG_WARN_NON_LITERAL_NULL_CONVERSION = YES;
				CLANG_WARN_OBJC_IMPLICIT_RETAIN_SELF = YES;
				CLANG_WARN_OBJC_LITERAL_CONVERSION = YES;
				CLANG_WARN_OBJC_ROOT_CLASS = YES_ERROR;
				CLANG_WARN_QUOTED_INCLUDE_IN_FRAMEWORK_HEADER = YES;
				CLANG_WARN_RANGE_LOOP_ANALYSIS = YES;
				CLANG_WARN_STRICT_PROTOTYPES = YES;
				CLANG_WARN_SUSPICIOUS_MOVE = YES;
				CLANG_WARN_UNGUARDED_AVAILABILITY = YES_AGGRESSIVE;
				CLANG_WARN_UNREACHABLE_CODE = YES;
				CLANG_WARN__DUPLICATE_METHOD_MATCH = YES;
				COPY_PHASE_STRIP = NO;
				DEBUG_INFORMATION_FORMAT = dwarf;
				ENABLE_STRICT_OBJC_MSGSEND = YES;
				ENABLE_TESTABILITY = YES;
				GCC_C_LANGUAGE_STANDARD = gnu11;
				GCC_DYNAMIC_NO_PIC = NO;
				GCC_NO_COMMON_BLOCKS = YES;
				GCC_OPTIMIZATION_LEVEL = 0;
				GCC_PREPROCESSOR_DEFINITIONS = (
					"DEBUG=1",
					"$(inherited)",
				);
				GCC_WARN_64_TO_32_BIT_CONVERSION = YES;
				GCC_WARN_ABOUT_RETURN_TYPE = YES_ERROR;
				GCC_WARN_UNDECLARED_SELECTOR = YES;
				GCC_WARN_UNINITIALIZED_AUTOS = YES_AGGRESSIVE;
				GCC_WARN_UNUSED_FUNCTION = YES;
				GCC_WARN_UNUSED_VARIABLE = YES;
				IPHONEOS_DEPLOYMENT_TARGET = 13.0;
				MTL_ENABLE_DEBUG_INFO = INCLUDE_SOURCE;
				MTL_FAST_MATH = YES;
				ONLY_ACTIVE_ARCH = YES;
				SDKROOT = iphoneos;
				SWIFT_ACTIVE_COMPILATION_CONDITIONS = DEBUG;
				SWIFT_OPTIMIZATION_LEVEL = "-Onone";
			};
			name = Debug;
		};
		F3D8B05E264EB24500740D42 /* Release */ = {
			isa = XCBuildConfiguration;
			buildSettings = {
				ALWAYS_SEARCH_USER_PATHS = NO;
				CLANG_ANALYZER_LOCALIZABILITY_NONLOCALIZED = YES;
				CLANG_ANALYZER_NONNULL = YES;
				CLANG_ANALYZER_NUMBER_OBJECT_CONVERSION = YES_AGGRESSIVE;
				CLANG_CXX_LANGUAGE_STANDARD = "gnu++14";
				CLANG_CXX_LIBRARY = "libc++";
				CLANG_ENABLE_MODULES = YES;
				CLANG_ENABLE_OBJC_ARC = YES;
				CLANG_ENABLE_OBJC_WEAK = YES;
				CLANG_WARN_BLOCK_CAPTURE_AUTORELEASING = YES;
				CLANG_WARN_BOOL_CONVERSION = YES;
				CLANG_WARN_COMMA = YES;
				CLANG_WARN_CONSTANT_CONVERSION = YES;
				CLANG_WARN_DEPRECATED_OBJC_IMPLEMENTATIONS = YES;
				CLANG_WARN_DIRECT_OBJC_ISA_USAGE = YES_ERROR;
				CLANG_WARN_DOCUMENTATION_COMMENTS = YES;
				CLANG_WARN_EMPTY_BODY = YES;
				CLANG_WARN_ENUM_CONVERSION = YES;
				CLANG_WARN_INFINITE_RECURSION = YES;
				CLANG_WARN_INT_CONVERSION = YES;
				CLANG_WARN_NON_LITERAL_NULL_CONVERSION = YES;
				CLANG_WARN_OBJC_IMPLICIT_RETAIN_SELF = YES;
				CLANG_WARN_OBJC_LITERAL_CONVERSION = YES;
				CLANG_WARN_OBJC_ROOT_CLASS = YES_ERROR;
				CLANG_WARN_QUOTED_INCLUDE_IN_FRAMEWORK_HEADER = YES;
				CLANG_WARN_RANGE_LOOP_ANALYSIS = YES;
				CLANG_WARN_STRICT_PROTOTYPES = YES;
				CLANG_WARN_SUSPICIOUS_MOVE = YES;
				CLANG_WARN_UNGUARDED_AVAILABILITY = YES_AGGRESSIVE;
				CLANG_WARN_UNREACHABLE_CODE = YES;
				CLANG_WARN__DUPLICATE_METHOD_MATCH = YES;
				COPY_PHASE_STRIP = NO;
				DEBUG_INFORMATION_FORMAT = "dwarf-with-dsym";
				ENABLE_NS_ASSERTIONS = NO;
				ENABLE_STRICT_OBJC_MSGSEND = YES;
				GCC_C_LANGUAGE_STANDARD = gnu11;
				GCC_NO_COMMON_BLOCKS = YES;
				GCC_WARN_64_TO_32_BIT_CONVERSION = YES;
				GCC_WARN_ABOUT_RETURN_TYPE = YES_ERROR;
				GCC_WARN_UNDECLARED_SELECTOR = YES;
				GCC_WARN_UNINITIALIZED_AUTOS = YES_AGGRESSIVE;
				GCC_WARN_UNUSED_FUNCTION = YES;
				GCC_WARN_UNUSED_VARIABLE = YES;
				IPHONEOS_DEPLOYMENT_TARGET = 13.0;
				MTL_ENABLE_DEBUG_INFO = NO;
				MTL_FAST_MATH = YES;
				SDKROOT = iphoneos;
				SWIFT_COMPILATION_MODE = wholemodule;
				SWIFT_OPTIMIZATION_LEVEL = "-O";
				VALIDATE_PRODUCT = YES;
			};
			name = Release;
		};
		F3D8B060264EB24500740D42 /* Debug */ = {
			isa = XCBuildConfiguration;
			buildSettings = {
				ASSETCATALOG_COMPILER_APPICON_NAME = AppIcon;
				ASSETCATALOG_COMPILER_GLOBAL_ACCENT_COLOR_NAME = AccentColor;
				CODE_SIGN_STYLE = Automatic;
				DEVELOPMENT_TEAM = M67X2W36KY;
				INFOPLIST_FILE = WeatherAndMapApp/Info.plist;
				IPHONEOS_DEPLOYMENT_TARGET = 13.0;
				LD_RUNPATH_SEARCH_PATHS = (
					"$(inherited)",
					"@executable_path/Frameworks",
				);
				PRODUCT_BUNDLE_IDENTIFIER = com.martinmiklas.WeatherAndMapApp;
				PRODUCT_NAME = "$(TARGET_NAME)";
				SWIFT_VERSION = 5.0;
				TARGETED_DEVICE_FAMILY = "1,2";
			};
			name = Debug;
		};
		F3D8B061264EB24500740D42 /* Release */ = {
			isa = XCBuildConfiguration;
			buildSettings = {
				ASSETCATALOG_COMPILER_APPICON_NAME = AppIcon;
				ASSETCATALOG_COMPILER_GLOBAL_ACCENT_COLOR_NAME = AccentColor;
				CODE_SIGN_STYLE = Automatic;
				DEVELOPMENT_TEAM = M67X2W36KY;
				INFOPLIST_FILE = WeatherAndMapApp/Info.plist;
				IPHONEOS_DEPLOYMENT_TARGET = 13.0;
				LD_RUNPATH_SEARCH_PATHS = (
					"$(inherited)",
					"@executable_path/Frameworks",
				);
				PRODUCT_BUNDLE_IDENTIFIER = com.martinmiklas.WeatherAndMapApp;
				PRODUCT_NAME = "$(TARGET_NAME)";
				SWIFT_VERSION = 5.0;
				TARGETED_DEVICE_FAMILY = "1,2";
			};
			name = Release;
		};
/* End XCBuildConfiguration section */

/* Begin XCConfigurationList section */
		F3D8B046264EB24400740D42 /* Build configuration list for PBXProject "WeatherAndMapApp" */ = {
			isa = XCConfigurationList;
			buildConfigurations = (
				F3D8B05D264EB24500740D42 /* Debug */,
				F3D8B05E264EB24500740D42 /* Release */,
			);
			defaultConfigurationIsVisible = 0;
			defaultConfigurationName = Release;
		};
		F3D8B05F264EB24500740D42 /* Build configuration list for PBXNativeTarget "WeatherAndMapApp" */ = {
			isa = XCConfigurationList;
			buildConfigurations = (
				F3D8B060264EB24500740D42 /* Debug */,
				F3D8B061264EB24500740D42 /* Release */,
			);
			defaultConfigurationIsVisible = 0;
			defaultConfigurationName = Release;
		};
/* End XCConfigurationList section */
	};
	rootObject = F3D8B043264EB24400740D42 /* Project object */;
}
